{
  "name": "gd-com-test",
  "version": "0.0.1",
  "lockfileVersion": 1,
  "requires": true,
  "dependencies": {
    "gd-com": {
      "version": "0.0.6",
      "resolved": "https://registry.npmjs.org/gd-com/-/gd-com-0.0.6.tgz",
      "integrity": "sha512-POEF16T+bdnLpb+KZXcYq7kZym2EkNeVmsXTGbA80gD2sFDDqEbdbsfCFkRFYsn1RkdUZhtnSy+PtcSkJ5Pa9g=="
    }
  }
}
